
Microsoft Visual Studio Solution File, Format Version 12.00
# Visual Studio Version 17
VisualStudioVersion = 17.4.33205.214
MinimumVisualStudioVersion = 10.0.40219.1
Project("{FAE04EC0-301F-11D3-BF4B-00C04F79EFBC}") = "Api", "Api\Api.csproj", "{2583E60A-3410-421E-AE27-9B23A8CAD0B6}"
EndProject
Project("{FAE04EC0-301F-11D3-BF4B-00C04F79EFBC}") = "Domain", "Domain\Domain.csproj", "{5CAE5FD8-7AE2-4302-AADE-0157F571D5B5}"
EndProject
Project("{FAE04EC0-301F-11D3-BF4B-00C04F79EFBC}") = "Infrastructure", "Infrastructure\Infrastructure.csproj", "{3A3833B4-1681-475C-B5B3-BD8F2CCE2E42}"
EndProject
Project("{FAE04EC0-301F-11D3-BF4B-00C04F79EFBC}") = "CommandHandlers", "CommandHandlers\CommandHandlers.csproj", "{61E40714-E0EF-42B2-91BD-DF1C1E24FB61}"
EndProject
Project("{FAE04EC0-301F-11D3-BF4B-00C04F79EFBC}") = "QueryHandlers", "QueryHandlers\QueryHandlers.csproj", "{C45BE299-B604-4435-BF87-8957C3A24392}"
EndProject
Global
	GlobalSection(SolutionConfigurationPlatforms) = preSolution
		Debug|Any CPU = Debug|Any CPU
		Release|Any CPU = Release|Any CPU
	EndGlobalSection
	GlobalSection(ProjectConfigurationPlatforms) = postSolution
		{2583E60A-3410-421E-AE27-9B23A8CAD0B6}.Debug|Any CPU.ActiveCfg = Debug|Any CPU
		{2583E60A-3410-421E-AE27-9B23A8CAD0B6}.Debug|Any CPU.Build.0 = Debug|Any CPU
		{2583E60A-3410-421E-AE27-9B23A8CAD0B6}.Release|Any CPU.ActiveCfg = Release|Any CPU
		{2583E60A-3410-421E-AE27-9B23A8CAD0B6}.Release|Any CPU.Build.0 = Release|Any CPU
		{5CAE5FD8-7AE2-4302-AADE-0157F571D5B5}.Debug|Any CPU.ActiveCfg = Debug|Any CPU
		{5CAE5FD8-7AE2-4302-AADE-0157F571D5B5}.Debug|Any CPU.Build.0 = Debug|Any CPU
		{5CAE5FD8-7AE2-4302-AADE-0157F571D5B5}.Release|Any CPU.ActiveCfg = Release|Any CPU
		{5CAE5FD8-7AE2-4302-AADE-0157F571D5B5}.Release|Any CPU.Build.0 = Release|Any CPU
		{3A3833B4-1681-475C-B5B3-BD8F2CCE2E42}.Debug|Any CPU.ActiveCfg = Debug|Any CPU
		{3A3833B4-1681-475C-B5B3-BD8F2CCE2E42}.Debug|Any CPU.Build.0 = Debug|Any CPU
		{3A3833B4-1681-475C-B5B3-BD8F2CCE2E42}.Release|Any CPU.ActiveCfg = Release|Any CPU
		{3A3833B4-1681-475C-B5B3-BD8F2CCE2E42}.Release|Any CPU.Build.0 = Release|Any CPU
		{61E40714-E0EF-42B2-91BD-DF1C1E24FB61}.Debug|Any CPU.ActiveCfg = Debug|Any CPU
		{61E40714-E0EF-42B2-91BD-DF1C1E24FB61}.Debug|Any CPU.Build.0 = Debug|Any CPU
		{61E40714-E0EF-42B2-91BD-DF1C1E24FB61}.Release|Any CPU.ActiveCfg = Release|Any CPU
		{61E40714-E0EF-42B2-91BD-DF1C1E24FB61}.Release|Any CPU.Build.0 = Release|Any CPU
		{C45BE299-B604-4435-BF87-8957C3A24392}.Debug|Any CPU.ActiveCfg = Debug|Any CPU
		{C45BE299-B604-4435-BF87-8957C3A24392}.Debug|Any CPU.Build.0 = Debug|Any CPU
		{C45BE299-B604-4435-BF87-8957C3A24392}.Release|Any CPU.ActiveCfg = Release|Any CPU
		{C45BE299-B604-4435-BF87-8957C3A24392}.Release|Any CPU.Build.0 = Release|Any CPU
	EndGlobalSection
	GlobalSection(SolutionProperties) = preSolution
		HideSolutionNode = FALSE
	EndGlobalSection
	GlobalSection(ExtensibilityGlobals) = postSolution
		SolutionGuid = {0B1702CD-C7BC-4D0E-8546-F4C33C7D25CB}
	EndGlobalSection
EndGlobal
